# THIS IS AN AUTOGENERATED FILE. DO NOT EDIT THIS FILE DIRECTLY.
# yarn lockfile v1


"@vue/devtools-api@^6.1.4":
  version "6.2.0"
  resolved "https://registry.yarnpkg.com/@vue/devtools-api/-/devtools-api-6.2.0.tgz#e3dc98a0cce8e87292745e2d24c9ee8c274a023b"
  integrity sha512-pF1G4wky+hkifDiZSWn8xfuLOJI1ZXtuambpBEYaf7Xaf6zC/pM29rvAGpd3qaGXnr4BAXU1Pxz/VfvBGwexGA==

vue-router@4:
  version "4.1.0"
  resolved "https://registry.yarnpkg.com/vue-router/-/vue-router-4.1.0.tgz#3029bf815885954ec02330e5f6fa8a00a7e5f53c"
  integrity sha512-A+dYO0ZXLJFZ40ebW3XtqehCW0Wv2xNH4lFddOByDja4NtItEdyirrShTlvD3UA4xc5a5mG2RRI30BusYpOb9g==
  dependencies:
    "@vue/devtools-api" "^6.1.4"
