# THIS IS AN AUTOGENERATED FILE. DO NOT EDIT THIS FILE DIRECTLY.
# yarn lockfile v1


"@babel/helper-string-parser@^7.29.7":
  version "7.29.7"
  resolved "https://registry.yarnpkg.com/@babel/helper-string-parser/-/helper-string-parser-7.29.7.tgz#7f0871d99824d23137d60f86fcf6130fd5a1b51f"
  integrity sha512-Pb5ijPrZ89GDH8223L4UP8i6QApWxs04RbPQJTeWDV0/keR2E36MeKnyr6LYmUUvqRRI+Iv87SuF1W6ErINzYw==

"@babel/helper-validator-identifier@^7.29.7":
  version "7.29.7"
  resolved "https://registry.yarnpkg.com/@babel/helper-validator-identifier/-/helper-validator-identifier-7.29.7.tgz#bd87084ced0c796ec46bda492de6e83d29e89fc2"
  integrity sha512-qehxGkRj55h/ff8EMaJ+cYhyaKlHIxqYDn682wQD7RNp9UujOQsHog2uS0r2vzr4pW+sXf90NeeayjcNaX3fFg==

"@babel/parser@^7.28.5", "@babel/parser@^7.29.2", "@babel/parser@^7.29.8":
  version "7.29.8"
  resolved "https://registry.yarnpkg.com/@babel/parser/-/parser-7.29.8.tgz#9653716a2f10c677b98fbc63d4bfb000c302cf17"
  integrity sha512-E8lTAYNB1KW+FH+VGJuZM1ioAx2E6oVlvQFRrf5P8ZZmsiJXYAD9vTFV7yyEURNzgh1dFqMZuO6tUwcARbqFCA==
  dependencies:
    "@babel/types" "^7.29.8"

"@babel/types@^7.29.0", "@babel/types@^7.29.8":
  version "7.29.8"
  resolved "https://registry.yarnpkg.com/@babel/types/-/types-7.29.8.tgz#1229eef31d85156d70fa3f4cd859376d0eaf6863"
  integrity sha512-Vj1jF3cPfxg7OAfoI7QnVKLoILlm2JF9pnVHrX8qx7AHMiYWT+NDAA7jChlNgRS4WTLc/fD1lXLmPixluj+3Gg==
  dependencies:
    "@babel/helper-string-parser" "^7.29.7"
    "@babel/helper-validator-identifier" "^7.29.7"

"@jridgewell/gen-mapping@^0.3.5":
  version "0.3.13"
  resolved "https://registry.yarnpkg.com/@jridgewell/gen-mapping/-/gen-mapping-0.3.13.tgz#6342a19f44347518c93e43b1ac69deb3c4656a1f"
  integrity sha512-2kkt/7niJ6MgEPxF0bYdQ6etZaA+fQvDcLKckhy1yIQOzaoKjBBjSj63/aLVjYE3qhRt5dvM+uUyfCg6UKCBbA==
  dependencies:
    "@jridgewell/sourcemap-codec" "^1.5.0"
    "@jridgewell/trace-mapping" "^0.3.24"

"@jridgewell/remapping@^2.3.5":
  version "2.3.5"
  resolved "https://registry.yarnpkg.com/@jridgewell/remapping/-/remapping-2.3.5.tgz#375c476d1972947851ba1e15ae8f123047445aa1"
  integrity sha512-LI9u/+laYG4Ds1TDKSJW2YPrIlcVYOwi2fUC6xB43lueCjgxV4lffOCZCtYFiH6TNOX+tQKXx97T4IKHbhyHEQ==
  dependencies:
    "@jridgewell/gen-mapping" "^0.3.5"
    "@jridgewell/trace-mapping" "^0.3.24"

"@jridgewell/resolve-uri@^3.1.0":
  version "3.1.2"
  resolved "https://registry.yarnpkg.com/@jridgewell/resolve-uri/-/resolve-uri-3.1.2.tgz#7a0ee601f60f99a20c7c7c5ff0c80388c1189bd6"
  integrity sha512-bRISgCIjP20/tbWSPWMEi54QVPRZExkuD9lJL+UIxUKtwVJA8wW1Trb1jMs1RFXo1CBTNZ/5hpC9QvmKWdopKw==

"@jridgewell/sourcemap-codec@^1.4.14", "@jridgewell/sourcemap-codec@^1.5.0", "@jridgewell/sourcemap-codec@^1.5.5":
  version "1.6.0"
  resolved "https://registry.yarnpkg.com/@jridgewell/sourcemap-codec/-/sourcemap-codec-1.6.0.tgz#f4c663e862f06dc98ca4d453862c46902789a18d"
  integrity sha512-T7jf+5zgsZHwNJ4lvQ7/aezbyk0nNX+zJVWpmHA7VYsEx7a7qr5Rg5IbtJFqkgze5Y2sruq1RUY8Q837Od7iFw==

"@jridgewell/trace-mapping@^0.3.24":
  version "0.3.31"
  resolved "https://registry.yarnpkg.com/@jridgewell/trace-mapping/-/trace-mapping-0.3.31.tgz#db15d6781c931f3a251a3dac39501c98a6082fd0"
  integrity sha512-zzNR+SdQSDJzc8joaeP8QQoCQr8NuYx2dIIytl1QeBEZHJ9uW6hebsrYgbz8hJwUQao3TWCMtmfV8Nu1twOLAw==
  dependencies:
    "@jridgewell/resolve-uri" "^3.1.0"
    "@jridgewell/sourcemap-codec" "^1.4.14"

"@vue-macros/common@^3.1.3":
  version "3.1.4"
  resolved "https://registry.yarnpkg.com/@vue-macros/common/-/common-3.1.4.tgz#cb56f0a84bdbfacbfa640ac34d9f805667adac8c"
  integrity sha512-/5Fv+6DgIcM9ajY05ZmKBv+LMX1M9A0X+IUwDRVdt67ciw8OV9bvG2r34p3RiEadlsQybjhKPRKNXDC8Bp23cw==
  dependencies:
    "@vue/compiler-sfc" "^3.5.22"
    ast-kit "^2.1.2"
    local-pkg "^1.1.2"
    magic-string-ast "^1.0.2"
    unplugin-utils "^0.3.0"

"@vue/compiler-core@3.5.42":
  version "3.5.42"
  resolved "https://registry.yarnpkg.com/@vue/compiler-core/-/compiler-core-3.5.42.tgz#9d159ca5b1e7d792a42e9b1ddf2fc31edc9333dc"
  integrity sha512-2Ye1ilMtKXxl8qZUrQ5j0CdgenFp/HFQmta6rfRyfEsTG69L6Wk+tWuNoHYHMx9E8tF2Slvdg1FuwDvAXdy1LQ==
  dependencies:
    "@babel/parser" "^7.29.8"
    "@vue/shared" "3.5.42"
    entities "^7.0.1"
    estree-walker "^2.0.2"
    source-map-js "^1.2.1"

"@vue/compiler-dom@3.5.42":
  version "3.5.42"
  resolved "https://registry.yarnpkg.com/@vue/compiler-dom/-/compiler-dom-3.5.42.tgz#2ac9570010bbffb7c08d8a904a956ecbabcdf6c6"
  integrity sha512-qbhQZEFmycr+ni/qyuccS4sucNN7VAbDfbkvNxWOX2VfgFm90MNs3/UhRNKoPMEIVn0F8gdlYjLPvqxHwHeQOA==
  dependencies:
    "@vue/compiler-core" "3.5.42"
    "@vue/shared" "3.5.42"

"@vue/compiler-sfc@^3.5.22":
  version "3.5.42"
  resolved "https://registry.yarnpkg.com/@vue/compiler-sfc/-/compiler-sfc-3.5.42.tgz#502c50e7864a980b7f147b78974e3b49fefcc16d"
  integrity sha512-fkCAFB4okcAANGMThboWnScp/gzWjU0ZSkVnjTIiplmMDq2uq0tIB3j+xVu4rhv5rvOgBySCysudmbMd6xRRqw==
  dependencies:
    "@babel/parser" "^7.29.8"
    "@vue/compiler-core" "3.5.42"
    "@vue/compiler-dom" "3.5.42"
    "@vue/compiler-ssr" "3.5.42"
    "@vue/shared" "3.5.42"
    estree-walker "^2.0.2"
    magic-string "^0.30.21"
    postcss "^8.5.19"
    source-map-js "^1.2.1"

"@vue/compiler-ssr@3.5.42":
  version "3.5.42"
  resolved "https://registry.yarnpkg.com/@vue/compiler-ssr/-/compiler-ssr-3.5.42.tgz#a3121ad517e9062121762e452f125674cc6162fa"
  integrity sha512-xmLk3wLkbizPAiLyomjgFFosf2ys9b5Ghb+oh/k2tnvipNz8OFrQOiTcWCzyK7MpBp9KkyGtfvgfLUivbmuGYA==
  dependencies:
    "@vue/compiler-dom" "3.5.42"
    "@vue/shared" "3.5.42"

"@vue/devtools-api@^8.1.5":
  version "8.2.1"
  resolved "https://registry.yarnpkg.com/@vue/devtools-api/-/devtools-api-8.2.1.tgz#9d95de2b908aa80b9957d737ddca51790e70c3b5"
  integrity sha512-6u4vXBlIBAC1wMplIZgpyPn7uh/s4Bf6F5bMzvLv+EdJ0aHs/+4B7Ygv864EStQSjRbsRzTko/kUG1A1IejQ3A==
  dependencies:
    "@vue/devtools-kit" "^8.2.1"

"@vue/devtools-kit@^8.2.1":
  version "8.2.1"
  resolved "https://registry.yarnpkg.com/@vue/devtools-kit/-/devtools-kit-8.2.1.tgz#ad45babb12c51931d32d1b67ffaebc251f550ce9"
  integrity sha512-FIGIuq3AWReEpbAHY/cRGeHDfI0qOb8OCQ3YjbEAX04uaxIDbGc9rhkbVcG7rnfHPXE3RsU5KrWOu9V/okd8AQ==
  dependencies:
    "@vue/devtools-shared" "^8.2.1"
    birpc "^2.6.1"
    hookable "^5.5.3"
    perfect-debounce "^2.0.0"

"@vue/devtools-shared@^8.2.1":
  version "8.2.1"
  resolved "https://registry.yarnpkg.com/@vue/devtools-shared/-/devtools-shared-8.2.1.tgz#26524e9e12fd205bcd5477cf3b5e9a17b876aeac"
  integrity sha512-Fkac7lUdGReh6pVOi3AYPRGe82LQqRmAfThW7RRligOAP0ZA/Z1z9XLHDM9dv34pV2HRc79DK8uKPeG2fLnA/g==

"@vue/shared@3.5.42":
  version "3.5.42"
  resolved "https://registry.yarnpkg.com/@vue/shared/-/shared-3.5.42.tgz#a413cf21262502662354cda3b65ab31bca979202"
  integrity sha512-2rPxex1jQf4jvl9MOHl6YaXCPcrNqz/FstMOEh3QWY+/OME9nQTvl9WYeCwhW7AFjaR0SnngZGlp/wkR6rkI6g==

acorn@^8.16.0:
  version "8.18.0"
  resolved "https://registry.yarnpkg.com/acorn/-/acorn-8.18.0.tgz#4faf01b2d6d326bfeed97aea1f52220b5f4c1940"
  integrity sha512-lGq+9yr1/GuAWaVYIHRjvvySG5/4VfKIvC8EWxStPdcDh/Ka7FG3twP6v4d5BkravUilhIAsG4Qj83t02LWUPQ==

ast-kit@^2.1.2, ast-kit@^2.2.0:
  version "2.2.0"
  resolved "https://registry.yarnpkg.com/ast-kit/-/ast-kit-2.2.0.tgz#6d9a298acefef5bdfc5a0fa51d94d1334ef2e671"
  integrity sha512-m1Q/RaVOnTp9JxPX+F+Zn7IcLYMzM8kZofDImfsKZd8MbR+ikdOzTeztStWqfrqIxZnYWryyI9ePm3NGjnZgGw==
  dependencies:
    "@babel/parser" "^7.28.5"
    pathe "^2.0.3"

ast-walker-scope@^0.9.0:
  version "0.9.0"
  resolved "https://registry.yarnpkg.com/ast-walker-scope/-/ast-walker-scope-0.9.0.tgz#3bdcba80c488dd4c7fc1de055d645a0f95dff8fe"
  integrity sha512-IJdzo2vLiElBxKzwS36VsCue/62d6IdWjnPB2v3nuPKeWGynp6FF/CYoLa5i/3jXH/z97ZDdsXz6abpgM6w07A==
  dependencies:
    "@babel/parser" "^7.29.2"
    "@babel/types" "^7.29.0"
    ast-kit "^2.2.0"

birpc@^2.6.1:
  version "2.9.0"
  resolved "https://registry.yarnpkg.com/birpc/-/birpc-2.9.0.tgz#b59550897e4cd96a223e2a6c1475b572236ed145"
  integrity sha512-KrayHS5pBi69Xi9JmvoqrIgYGDkD6mcSe/i6YKi3w5kekCLzrX4+nawcXqrj2tIp50Kw/mT/s3p+GVK0A0sKxw==

chokidar@^5.0.0:
  version "5.0.0"
  resolved "https://registry.yarnpkg.com/chokidar/-/chokidar-5.0.0.tgz#949c126a9238a80792be9a0265934f098af369a5"
  integrity sha512-TQMmc3w+5AxjpL8iIiwebF73dRDF4fBIieAqGn9RGCWaEVwQ6Fb2cGe31Yns0RRIzii5goJ1Y7xbMwo1TxMplw==
  dependencies:
    readdirp "^5.0.0"

confbox@^0.1.8:
  version "0.1.8"
  resolved "https://registry.yarnpkg.com/confbox/-/confbox-0.1.8.tgz#820d73d3b3c82d9bd910652c5d4d599ef8ff8b06"
  integrity sha512-RMtmw0iFkeR4YV+fUOSucriAQNb9g8zFR52MWCtl+cCZOFRNL6zeB395vPzFhEjjn4fMxXudmELnl/KF/WrK6w==

confbox@^0.2.4:
  version "0.2.4"
  resolved "https://registry.yarnpkg.com/confbox/-/confbox-0.2.4.tgz#592e7be71f882a4a874e3c88f0ac1ef6f7da1ce5"
  integrity sha512-ysOGlgTFbN2/Y6Cg3Iye8YKulHw+R2fNXHrgSmXISQdMnomY6eNDprVdW9R5xBguEqI954+S6709UyiO7B+6OQ==

confbox@^0.3.1:
  version "0.3.1"
  resolved "https://registry.yarnpkg.com/confbox/-/confbox-0.3.1.tgz#79aa91893791a202fb349fb367e7320423f7c76e"
  integrity sha512-cKUSoKa8YxFZZSmraVi7onONx3amu77ngK3kGpsYHDH7drPwCRkQE1RYMPlLRrMtnciRj274XNRxcHxnKmDSnA==

entities@^7.0.1:
  version "7.0.1"
  resolved "https://registry.yarnpkg.com/entities/-/entities-7.0.1.tgz#26e8a88889db63417dcb9a1e79a3f1bc92b5976b"
  integrity sha512-TWrgLOFUQTH994YUyl1yT4uyavY5nNB5muff+RtWaqNVCAK408b5ZnnbNAUEWLTCpum9w6arT70i1XdQ4UeOPA==

estree-walker@^2.0.2:
  version "2.0.2"
  resolved "https://registry.yarnpkg.com/estree-walker/-/estree-walker-2.0.2.tgz#52f010178c2a4c117a7757cfe942adb7d2da4cac"
  integrity sha512-Rfkk/Mp/DL7JVje3u18FxFujQlTNR2q6QfMSMB7AvCBx91NGj/ba3kCfza0f6dVDbw7YlRf/nDrn7pQrCCyQ/w==

exsolve@^1.1.1:
  version "1.1.1"
  resolved "https://registry.yarnpkg.com/exsolve/-/exsolve-1.1.1.tgz#c055418255459b6ecde4e59de0060a3e97bc7572"
  integrity sha512-9U/jZUgjnSGyntRr6y5Muu1MJcwFl6kPu7k8qLF0IMNfLqvw0NZ4nnVDq0RVoZ0RvCyumib4Ez3KYrVfilrw+g==

fdir@^6.5.0:
  version "6.5.0"
  resolved "https://registry.yarnpkg.com/fdir/-/fdir-6.5.0.tgz#ed2ab967a331ade62f18d077dae192684d50d350"
  integrity sha512-tIbYtZbucOs0BRGqPJkshJUYdL+SDH7dVM8gjy+ERp3WAUjLEFJE+02kanyHtwjWOnwrKYBiwAmM0p4kLJAnXg==

hookable@^5.5.3:
  version "5.5.3"
  resolved "https://registry.yarnpkg.com/hookable/-/hookable-5.5.3.tgz#6cfc358984a1ef991e2518cb9ed4a778bbd3215d"
  integrity sha512-Yc+BQe8SvoXH1643Qez1zqLRmbA5rCL+sSmk6TVos0LWVfNIB7PGncdlId77WzLGSIB5KaWgTaNTs2lNVEI6VQ==

local-pkg@^1.1.2, local-pkg@^1.2.1:
  version "1.2.1"
  resolved "https://registry.yarnpkg.com/local-pkg/-/local-pkg-1.2.1.tgz#9628389399851d78f3b50c9236eddb02f0c31b2b"
  integrity sha512-++gUqRDEvcnN6Zhqrr+y/CkVEHhlrR96vZn3nZZPYzMcBUyBtTKzB9NadClFIsIVSsu+3i9tfk/erqy9kAmt7Q==
  dependencies:
    mlly "^1.7.4"
    pkg-types "^2.3.0"
    quansync "^0.2.11"

magic-string-ast@^1.0.2:
  version "1.0.3"
  resolved "https://registry.yarnpkg.com/magic-string-ast/-/magic-string-ast-1.0.3.tgz#51ef7832fd5c70a0188fb94627caa3b8c74ff9bf"
  integrity sha512-CvkkH1i81zl7mmb94DsRiFeG9V2fR2JeuK8yDgS8oiZSFa++wWLEgZ5ufEOyLHbvSbD1gTRKv9NdX69Rnvr9JA==
  dependencies:
    magic-string "^0.30.19"

magic-string@^0.30.19, magic-string@^0.30.21:
  version "0.30.21"
  resolved "https://registry.yarnpkg.com/magic-string/-/magic-string-0.30.21.tgz#56763ec09a0fa8091df27879fd94d19078c00d91"
  integrity sha512-vd2F4YUyEXKGcLHoq+TEyCjxueSeHnFxyyjNp80yg0XV4vUhnDer/lvvlqM/arB5bXQN5K2/3oinyCRyx8T2CQ==
  dependencies:
    "@jridgewell/sourcemap-codec" "^1.5.5"

mlly@^1.7.4, mlly@^1.8.2:
  version "1.8.2"
  resolved "https://registry.yarnpkg.com/mlly/-/mlly-1.8.2.tgz#e7f7919a82d13b174405613117249a3f449d78bb"
  integrity sha512-d+ObxMQFmbt10sretNDytwt85VrbkhhUA/JBGm1MPaWJ65Cl4wOgLaB1NYvJSZ0Ef03MMEU/0xpPMXUIQ29UfA==
  dependencies:
    acorn "^8.16.0"
    pathe "^2.0.3"
    pkg-types "^1.3.1"
    ufo "^1.6.3"

muggle-string@^0.4.1:
  version "0.4.1"
  resolved "https://registry.yarnpkg.com/muggle-string/-/muggle-string-0.4.1.tgz#3b366bd43b32f809dc20659534dd30e7c8a0d328"
  integrity sha512-VNTrAak/KhO2i8dqqnqnAHOa3cYBwXEZe9h+D5h/1ZqFSTEFHdM65lR7RoIqq3tBBYavsOXV84NoHXZ0AkPyqQ==

nanoid@^3.3.18:
  version "3.3.19"
  resolved "https://registry.yarnpkg.com/nanoid/-/nanoid-3.3.19.tgz#336d4aa4bcd4fb24d2cddede7ffeae40bec03f0a"
  integrity sha512-Y2tUNy4ouw6tq5oDSKeQYGOyhkUBhNOcGV/02KC+6kd9eDGqdZd++mjMiIDilrBYvjEnCYvVtsuHCuP+okSfug==

nostics@^1.1.4:
  version "1.2.0"
  resolved "https://registry.yarnpkg.com/nostics/-/nostics-1.2.0.tgz#1362df6de2ca8456b521914501abf6c52c4d7fb5"
  integrity sha512-FGqEfhQjrvo1lL8KFifdTQiNwwQHJxC1jtYE1Rc54qF/jxONUNL+kC9gS1krX8Q65PgrQ5fCqH/I4NhWBvdSqg==

pathe@^2.0.1, pathe@^2.0.3:
  version "2.0.3"
  resolved "https://registry.yarnpkg.com/pathe/-/pathe-2.0.3.tgz#3ecbec55421685b70a9da872b2cff3e1cbed1716"
  integrity sha512-WUjGcAqP1gQacoQe+OBJsFA7Ld4DyXuUIjZ5cc75cLHvJ7dtNsTugphxIADwspS+AraAUePCKrSVtPLFj/F88w==

perfect-debounce@^2.0.0:
  version "2.1.0"
  resolved "https://registry.yarnpkg.com/perfect-debounce/-/perfect-debounce-2.1.0.tgz#e7078e38f231cb191855c3136a4423aef725d261"
  integrity sha512-LjgdTytVFXeUgtHZr9WYViYSM/g8MkcTPYDlPa3cDqMirHjKiSZPYd6DoL7pK8AJQr+uWkQvCjHNdiMqsrJs+g==

picocolors@^1.1.1:
  version "1.1.1"
  resolved "https://registry.yarnpkg.com/picocolors/-/picocolors-1.1.1.tgz#3d321af3eab939b083c8f929a1d12cda81c26b6b"
  integrity sha512-xceH2snhtb5M9liqDsmEw56le376mTZkEX/jEb/RxNFyegNul7eNslCXP9FDj/Lcu0X8KEyMceP2ntpaHrDEVA==

picomatch@^4.0.4, picomatch@^4.0.5:
  version "4.0.7"
  resolved "https://registry.yarnpkg.com/picomatch/-/picomatch-4.0.7.tgz#6313360034ccb36b3dc61ecbdff78121f90fe21f"
  integrity sha512-qcJu88Q2IWqJsDD529JKMdwGm/dvInW4HvQnRwiH9JtihJvzGOscDtHE3x1pBKeUOTysQ8kVmLnJ2kJu7yhcGA==

pkg-types@^1.3.1:
  version "1.3.1"
  resolved "https://registry.yarnpkg.com/pkg-types/-/pkg-types-1.3.1.tgz#bd7cc70881192777eef5326c19deb46e890917df"
  integrity sha512-/Jm5M4RvtBFVkKWRu2BLUTNP8/M2a+UwuAX+ae4770q1qVGtfjG+WTCupoZixokjmHiry8uI+dlY8KXYV5HVVQ==
  dependencies:
    confbox "^0.1.8"
    mlly "^1.7.4"
    pathe "^2.0.1"

pkg-types@^2.3.0:
  version "2.3.3"
  resolved "https://registry.yarnpkg.com/pkg-types/-/pkg-types-2.3.3.tgz#7fa477b1050acf906fdb8896bb2accd52c45e3d5"
  integrity sha512-j/lCFdcppV0JxWpCEITdbDltBxPP6cHT+yNJ6Go2OgoSA9518X847X9z0p6LtA4Nc16+eQzCZjRrWanTGvHJ5w==
  dependencies:
    confbox "^0.3.1"
    exsolve "^1.1.1"
    pathe "^2.0.3"

postcss@^8.5.19:
  version "8.5.28"
  resolved "https://registry.yarnpkg.com/postcss/-/postcss-8.5.28.tgz#da4563a99a06e62d6c1cd1acae363224bcaed6e9"
  integrity sha512-RRuzqDtt5Y9h3quz5hWhK+TPnsmVs6WwSU6LkJMeY4HstUEDuYTG8UJSdawMRzmzAtV+KEoG8N3Qg2qLy5vM/A==
  dependencies:
    nanoid "^3.3.18"
    picocolors "^1.1.1"
    source-map-js "^1.2.1"

quansync@^0.2.11:
  version "0.2.11"
  resolved "https://registry.yarnpkg.com/quansync/-/quansync-0.2.11.tgz#f9c3adda2e1272e4f8cf3f1457b04cbdb4ee692a"
  integrity sha512-AifT7QEbW9Nri4tAwR5M/uzpBuqfZf+zwaEM/QkzEjj7NBuFD2rBuy0K3dE+8wltbezDV7JMA0WfnCPYRSYbXA==

readdirp@^5.0.0:
  version "5.1.1"
  resolved "https://registry.yarnpkg.com/readdirp/-/readdirp-5.1.1.tgz#520bca06f9d1ae1b96cc0800dbe84b983d19422c"
  integrity sha512-Kko+Y5XQ6fM+Ce3dq3m9YGxnacYZYl9cA1wZjaF3Vbry2L3i1qVg8+CAgNPsXRArPMUMCaOR7oa9Nqntc43JKA==

scule@^1.3.0:
  version "1.3.0"
  resolved "https://registry.yarnpkg.com/scule/-/scule-1.3.0.tgz#6efbd22fd0bb801bdcc585c89266a7d2daa8fbd3"
  integrity sha512-6FtHJEvt+pVMIB9IBY+IcCJ6Z5f1iQnytgyfKMhDKgmzYG+TeH/wx1y3l27rshSbLiSanrR9ffZDrEsmjlQF2g==

source-map-js@^1.2.1:
  version "1.2.1"
  resolved "https://registry.yarnpkg.com/source-map-js/-/source-map-js-1.2.1.tgz#1ce5650fddd87abc099eda37dcff024c2667ae46"
  integrity sha512-UXWMKhLOwVKb728IUtQPXxfYU+usdybtUrK/8uGE8CQMvrhOpwvzDBwj0QhSL7MQc7vIsISBG8VQ8+IDQxpfQA==

tinyglobby@^0.2.17:
  version "0.2.17"
  resolved "https://registry.yarnpkg.com/tinyglobby/-/tinyglobby-0.2.17.tgz#562a9a6c9eb2b3b123d39719f9af5bb44fcd7631"
  integrity sha512-wXR/dYpcqKmfWpEdZjiKJOwCNFndD0DMnrW/cYjVGttEkBfVgcLFHoNrlj47mjOVic9yyNu65alsgF4NQyTa2g==
  dependencies:
    fdir "^6.5.0"
    picomatch "^4.0.4"

ufo@^1.6.3:
  version "1.6.4"
  resolved "https://registry.yarnpkg.com/ufo/-/ufo-1.6.4.tgz#7a8fb875fcc6382d2c7d0b3692738b0500a92467"
  integrity sha512-JFNbkD1Svwe0KvGi8GOeLcP4kAWQ609twvCdcHxq1oSL8svv39ZuSvajcD8B+5D0eL4+s1Is2D/O6KN3qcTeRA==

unplugin-utils@^0.3.0, unplugin-utils@^0.3.2:
  version "0.3.2"
  resolved "https://registry.yarnpkg.com/unplugin-utils/-/unplugin-utils-0.3.2.tgz#22f6856408880b0b2d7dd974084faf94094613ef"
  integrity sha512-xVToRh2CTmLk2HnEG7ac4rl1MJTT3RFkpS8B++/SnB0kXvuaavD+n3m/vrzyWQOdJNSZQACnbz01pnppbwV5BA==
  dependencies:
    pathe "^2.0.3"
    picomatch "^4.0.4"

unplugin@^3.3.0:
  version "3.3.0"
  resolved "https://registry.yarnpkg.com/unplugin/-/unplugin-3.3.0.tgz#18de476b6130a6cde94db87f70ac32b97757f3c9"
  integrity sha512-qa66K+crbfyE6JK10GjvbJeRrOsuC/JpbnHctfyp/i4oBTxWOzJfRZyDiOk1PtErMFRu8JhsU/wPvOdBNWe5Rg==
  dependencies:
    "@jridgewell/remapping" "^2.3.5"
    picomatch "^4.0.4"
    webpack-virtual-modules "^0.6.2"

vue-router@5:
  version "5.3.1"
  resolved "https://registry.yarnpkg.com/vue-router/-/vue-router-5.3.1.tgz#9152b9011803e9012f0c134763c6482516bbb13c"
  integrity sha512-GDBZzgmILxA/kFnkFbJjQZdZ2QQbngnIMMuoUcjhZIfH1RGMaPjPwX5ASnV38qamuA9uhO0RDjSBHTDNG2uXyQ==
  dependencies:
    "@vue-macros/common" "^3.1.3"
    "@vue/devtools-api" "^8.1.5"
    ast-walker-scope "^0.9.0"
    chokidar "^5.0.0"
    confbox "^0.2.4"
    local-pkg "^1.2.1"
    magic-string "^0.30.21"
    mlly "^1.8.2"
    muggle-string "^0.4.1"
    nostics "^1.1.4"
    pathe "^2.0.3"
    picomatch "^4.0.5"
    scule "^1.3.0"
    tinyglobby "^0.2.17"
    unplugin "^3.3.0"
    unplugin-utils "^0.3.2"

webpack-virtual-modules@^0.6.2:
  version "0.6.2"
  resolved "https://registry.yarnpkg.com/webpack-virtual-modules/-/webpack-virtual-modules-0.6.2.tgz#057faa9065c8acf48f24cb57ac0e77739ab9a7e8"
  integrity sha512-66/V2i5hQanC51vBQKPH4aI8NMAcBW59FVBs+rC7eGHupMyfn34q7rZIE+ETlJ+XTevqfUhVVBgSUNSW2flEUQ==
